// !$*UTF8*$!
{
	archiveVersion = 1;
	classes = {
	};
	objectVersion = 46;
	objects = {

/* Begin PBXBuildFile section */
		865076A21941A68600D9270D /* Foundation.framework in Frameworks */ = {isa = PBXBuildFile; fileRef = 865076A11941A68600D9270D /* Foundation.framework */; };
		865076A41941A68600D9270D /* CoreGraphics.framework in Frameworks */ = {isa = PBXBuildFile; fileRef = 865076A31941A68600D9270D /* CoreGraphics.framework */; };
		865076A61941A68600D9270D /* UIKit.framework in Frameworks */ = {isa = PBXBuildFile; fileRef = 865076A51941A68600D9270D /* UIKit.framework */; };
		865076AC1941A68600D9270D /* InfoPlist.strings in Resources */ = {isa = PBXBuildFile; fileRef = 865076AA1941A68600D9270D /* InfoPlist.strings */; };
		865076AE1941A68600D9270D /* main.m in Sources */ = {isa = PBXBuildFile; fileRef = 865076AD1941A68600D9270D /* main.m */; };
		865076B21941A68600D9270D /* BaresAppDelegate.m in Sources */ = {isa = PBXBuildFile; fileRef = 865076B11941A68600D9270D /* BaresAppDelegate.m */; };
		865076B41941A68600D9270D /* Images.xcassets in Resources */ = {isa = PBXBuildFile; fileRef = 865076B31941A68600D9270D /* Images.xcassets */; };
		865076BB1941A68600D9270D /* XCTest.framework in Frameworks */ = {isa = PBXBuildFile; fileRef = 865076BA1941A68600D9270D /* XCTest.framework */; };
		865076BC1941A68600D9270D /* Foundation.framework in Frameworks */ = {isa = PBXBuildFile; fileRef = 865076A11941A68600D9270D /* Foundation.framework */; };
		865076BD1941A68600D9270D /* UIKit.framework in Frameworks */ = {isa = PBXBuildFile; fileRef = 865076A51941A68600D9270D /* UIKit.framework */; };
		865076C51941A68600D9270D /* InfoPlist.strings in Resources */ = {isa = PBXBuildFile; fileRef = 865076C31941A68600D9270D /* InfoPlist.strings */; };
		865076D61941AC3900D9270D /* Bar.m in Sources */ = {isa = PBXBuildFile; fileRef = 865076D51941AC3900D9270D /* Bar.m */; };
		865076DB1941AF3800D9270D /* BarTests.m in Sources */ = {isa = PBXBuildFile; fileRef = 865076DA1941AF3800D9270D /* BarTests.m */; };
		865076DE1941B2BE00D9270D /* Bars.m in Sources */ = {isa = PBXBuildFile; fileRef = 865076DD1941B2BE00D9270D /* Bars.m */; };
		865076E01941B38A00D9270D /* bars_list.plist in Resources */ = {isa = PBXBuildFile; fileRef = 865076DF1941B38A00D9270D /* bars_list.plist */; };
/* End PBXBuildFile section */

/* Begin PBXContainerItemProxy section */
		865076BE1941A68600D9270D /* PBXContainerItemProxy */ = {
			isa = PBXContainerItemProxy;
			containerPortal = 865076961941A68600D9270D /* Project object */;
			proxyType = 1;
			remoteGlobalIDString = 8650769D1941A68600D9270D;
			remoteInfo = Bares;
		};
/* End PBXContainerItemProxy section */

/* Begin PBXFileReference section */
		8650769E1941A68600D9270D /* Bares.app */ = {isa = PBXFileReference; explicitFileType = wrapper.application; includeInIndex = 0; path = Bares.app; sourceTree = BUILT_PRODUCTS_DIR; };
		865076A11941A68600D9270D /* Foundation.framework */ = {isa = PBXFileReference; lastKnownFileType = wrapper.framework; name = Foundation.framework; path = System/Library/Frameworks/Foundation.framework; sourceTree = SDKROOT; };
		865076A31941A68600D9270D /* CoreGraphics.framework */ = {isa = PBXFileReference; lastKnownFileType = wrapper.framework; name = CoreGraphics.framework; path = System/Library/Frameworks/CoreGraphics.framework; sourceTree = SDKROOT; };
		865076A51941A68600D9270D /* UIKit.framework */ = {isa = PBXFileReference; lastKnownFileType = wrapper.framework; name = UIKit.framework; path = System/Library/Frameworks/UIKit.framework; sourceTree = SDKROOT; };
		865076A91941A68600D9270D /* Bares-Info.plist */ = {isa = PBXFileReference; lastKnownFileType = text.plist.xml; path = "Bares-Info.plist"; sourceTree = "<group>"; };
		865076AB1941A68600D9270D /* en */ = {isa = PBXFileReference; lastKnownFileType = text.plist.strings; name = en; path = en.lproj/InfoPlist.strings; sourceTree = "<group>"; };
		865076AD1941A68600D9270D /* main.m */ = {isa = PBXFileReference; lastKnownFileType = sourcecode.c.objc; path = main.m; sourceTree = "<group>"; };
		865076AF1941A68600D9270D /* Bares-Prefix.pch */ = {isa = PBXFileReference; lastKnownFileType = sourcecode.c.h; path = "Bares-Prefix.pch"; sourceTree = "<group>"; };
		865076B01941A68600D9270D /* BaresAppDelegate.h */ = {isa = PBXFileReference; lastKnownFileType = sourcecode.c.h; path = BaresAppDelegate.h; sourceTree = "<group>"; };
		865076B11941A68600D9270D /* BaresAppDelegate.m */ = {isa = PBXFileReference; lastKnownFileType = sourcecode.c.objc; path = BaresAppDelegate.m; sourceTree = "<group>"; };
		865076B31941A68600D9270D /* Images.xcassets */ = {isa = PBXFileReference; lastKnownFileType = folder.assetcatalog; path = Images.xcassets; sourceTree = "<group>"; };
		865076B91941A68600D9270D /* BaresTests.xctest */ = {isa = PBXFileReference; explicitFileType = wrapper.cfbundle; includeInIndex = 0; path = BaresTests.xctest; sourceTree = BUILT_PRODUCTS_DIR; };
		865076BA1941A68600D9270D /* XCTest.framework */ = {isa = PBXFileReference; lastKnownFileType = wrapper.framework; name = XCTest.framework; path = Library/Frameworks/XCTest.framework; sourceTree = DEVELOPER_DIR; };
		865076C21941A68600D9270D /* BaresTests-Info.plist */ = {isa = PBXFileReference; lastKnownFileType = text.plist.xml; path = "BaresTests-Info.plist"; sourceTree = "<group>"; };
		865076C41941A68600D9270D /* en */ = {isa = PBXFileReference; lastKnownFileType = text.plist.strings; name = en; path = en.lproj/InfoPlist.strings; sourceTree = "<group>"; };
		865076D41941AC3900D9270D /* Bar.h */ = {isa = PBXFileReference; fileEncoding = 4; lastKnownFileType = sourcecode.c.h; path = Bar.h; sourceTree = "<group>"; };
		865076D51941AC3900D9270D /* Bar.m */ = {isa = PBXFileReference; fileEncoding = 4; lastKnownFileType = sourcecode.c.objc; path = Bar.m; sourceTree = "<group>"; };
		865076DA1941AF3800D9270D /* BarTests.m */ = {isa = PBXFileReference; fileEncoding = 4; lastKnownFileType = sourcecode.c.objc; path = BarTests.m; sourceTree = "<group>"; };
		865076DC1941B2BE00D9270D /* Bars.h */ = {isa = PBXFileReference; fileEncoding = 4; lastKnownFileType = sourcecode.c.h; path = Bars.h; sourceTree = "<group>"; };
		865076DD1941B2BE00D9270D /* Bars.m */ = {isa = PBXFileReference; fileEncoding = 4; lastKnownFileType = sourcecode.c.objc; path = Bars.m; sourceTree = "<group>"; };
		865076DF1941B38A00D9270D /* bars_list.plist */ = {isa = PBXFileReference; fileEncoding = 4; lastKnownFileType = text.plist.xml; path = bars_list.plist; sourceTree = "<group>"; };
/* End PBXFileReference section */

/* Begin PBXFrameworksBuildPhase section */
		8650769B1941A68600D9270D /* Frameworks */ = {
			isa = PBXFrameworksBuildPhase;
			buildActionMask = 2147483647;
			files = (
				865076A41941A68600D9270D /* CoreGraphics.framework in Frameworks */,
				865076A61941A68600D9270D /* UIKit.framework in Frameworks */,
				865076A21941A68600D9270D /* Foundation.framework in Frameworks */,
			);
			runOnlyForDeploymentPostprocessing = 0;
		};
		865076B61941A68600D9270D /* Frameworks */ = {
			isa = PBXFrameworksBuildPhase;
			buildActionMask = 2147483647;
			files = (
				865076BB1941A68600D9270D /* XCTest.framework in Frameworks */,
				865076BD1941A68600D9270D /* UIKit.framework in Frameworks */,
				865076BC1941A68600D9270D /* Foundation.framework in Frameworks */,
			);
			runOnlyForDeploymentPostprocessing = 0;
		};
/* End PBXFrameworksBuildPhase section */

/* Begin PBXGroup section */
		865076951941A68600D9270D = {
			isa = PBXGroup;
			children = (
				865076A71941A68600D9270D /* Bares */,
				865076C01941A68600D9270D /* BaresTests */,
				865076A01941A68600D9270D /* Frameworks */,
				8650769F1941A68600D9270D /* Products */,
			);
			sourceTree = "<group>";
		};
		8650769F1941A68600D9270D /* Products */ = {
			isa = PBXGroup;
			children = (
				8650769E1941A68600D9270D /* Bares.app */,
				865076B91941A68600D9270D /* BaresTests.xctest */,
			);
			name = Products;
			sourceTree = "<group>";
		};
		865076A01941A68600D9270D /* Frameworks */ = {
			isa = PBXGroup;
			children = (
				865076A11941A68600D9270D /* Foundation.framework */,
				865076A31941A68600D9270D /* CoreGraphics.framework */,
				865076A51941A68600D9270D /* UIKit.framework */,
				865076BA1941A68600D9270D /* XCTest.framework */,
			);
			name = Frameworks;
			sourceTree = "<group>";
		};
		865076A71941A68600D9270D /* Bares */ = {
			isa = PBXGroup;
			children = (
				865076B01941A68600D9270D /* BaresAppDelegate.h */,
				865076B11941A68600D9270D /* BaresAppDelegate.m */,
				865076D31941A6B400D9270D /* Assets */,
				865076D21941A6AD00D9270D /* Model */,
				865076D11941A69D00D9270D /* Controller */,
				865076D01941A69300D9270D /* View */,
				865076B31941A68600D9270D /* Images.xcassets */,
				865076A81941A68600D9270D /* Supporting Files */,
			);
			path = Bares;
			sourceTree = "<group>";
		};
		865076A81941A68600D9270D /* Supporting Files */ = {
			isa = PBXGroup;
			children = (
				865076A91941A68600D9270D /* Bares-Info.plist */,
				865076AA1941A68600D9270D /* InfoPlist.strings */,
				865076AD1941A68600D9270D /* main.m */,
				865076AF1941A68600D9270D /* Bares-Prefix.pch */,
			);
			path = "Supporting Files";
			sourceTree = "<group>";
		};
		865076C01941A68600D9270D /* BaresTests */ = {
			isa = PBXGroup;
			children = (
				865076DA1941AF3800D9270D /* BarTests.m */,
				865076C11941A68600D9270D /* Supporting Files */,
			);
			path = BaresTests;
			sourceTree = "<group>";
		};
		865076C11941A68600D9270D /* Supporting Files */ = {
			isa = PBXGroup;
			children = (
				865076C21941A68600D9270D /* BaresTests-Info.plist */,
				865076C31941A68600D9270D /* InfoPlist.strings */,
			);
			path = "Supporting Files";
			sourceTree = "<group>";
		};
		865076D01941A69300D9270D /* View */ = {
			isa = PBXGroup;
			children = (
			);
			path = View;
			sourceTree = "<group>";
		};
		865076D11941A69D00D9270D /* Controller */ = {
			isa = PBXGroup;
			children = (
			);
			path = Controller;
			sourceTree = "<group>";
		};
		865076D21941A6AD00D9270D /* Model */ = {
			isa = PBXGroup;
			children = (
				865076D41941AC3900D9270D /* Bar.h */,
				865076D51941AC3900D9270D /* Bar.m */,
				865076DC1941B2BE00D9270D /* Bars.h */,
				865076DD1941B2BE00D9270D /* Bars.m */,
				865076DF1941B38A00D9270D /* bars_list.plist */,
			);
			path = Model;
			sourceTree = "<group>";
		};
		865076D31941A6B400D9270D /* Assets */ = {
			isa = PBXGroup;
			children = (
			);
			path = Assets;
			sourceTree = "<group>";
		};
/* End PBXGroup section */

/* Begin PBXNativeTarget section */
		8650769D1941A68600D9270D /* Bares */ = {
			isa = PBXNativeTarget;
			buildConfigurationList = 865076CA1941A68600D9270D /* Build configuration list for PBXNativeTarget "Bares" */;
			buildPhases = (
				8650769A1941A68600D9270D /* Sources */,
				8650769B1941A68600D9270D /* Frameworks */,
				8650769C1941A68600D9270D /* Resources */,
			);
			buildRules = (
			);
			dependencies = (
			);
			name = Bares;
			productName = Bares;
			productReference = 8650769E1941A68600D9270D /* Bares.app */;
			productType = "com.apple.product-type.application";
		};
		865076B81941A68600D9270D /* BaresTests */ = {
			isa = PBXNativeTarget;
			buildConfigurationList = 865076CD1941A68600D9270D /* Build configuration list for PBXNativeTarget "BaresTests" */;
			buildPhases = (
				865076B51941A68600D9270D /* Sources */,
				865076B61941A68600D9270D /* Frameworks */,
				865076B71941A68600D9270D /* Resources */,
			);
			buildRules = (
			);
			dependencies = (
				865076BF1941A68600D9270D /* PBXTargetDependency */,
			);
			name = BaresTests;
			productName = BaresTests;
			productReference = 865076B91941A68600D9270D /* BaresTests.xctest */;
			productType = "com.apple.product-type.bundle.unit-test";
		};
/* End PBXNativeTarget section */

/* Begin PBXProject section */
		865076961941A68600D9270D /* Project object */ = {
			isa = PBXProject;
			attributes = {
				CLASSPREFIX = Bares;
				LastUpgradeCheck = 0510;
				ORGANIZATIONNAME = Ironhack;
				TargetAttributes = {
					865076B81941A68600D9270D = {
						TestTargetID = 8650769D1941A68600D9270D;
					};
				};
			};
			buildConfigurationList = 865076991941A68600D9270D /* Build configuration list for PBXProject "Bares" */;
			compatibilityVersion = "Xcode 3.2";
			developmentRegion = English;
			hasScannedForEncodings = 0;
			knownRegions = (
				en,
			);
			mainGroup = 865076951941A68600D9270D;
			productRefGroup = 8650769F1941A68600D9270D /* Products */;
			projectDirPath = "";
			projectRoot = "";
			targets = (
				8650769D1941A68600D9270D /* Bares */,
				865076B81941A68600D9270D /* BaresTests */,
			);
		};
/* End PBXProject section */

/* Begin PBXResourcesBuildPhase section */
		8650769C1941A68600D9270D /* Resources */ = {
			isa = PBXResourcesBuildPhase;
			buildActionMask = 2147483647;
			files = (
				865076AC1941A68600D9270D /* InfoPlist.strings in Resources */,
				865076E01941B38A00D9270D /* bars_list.plist in Resources */,
				865076B41941A68600D9270D /* Images.xcassets in Resources */,
			);
			runOnlyForDeploymentPostprocessing = 0;
		};
		865076B71941A68600D9270D /* Resources */ = {
			isa = PBXResourcesBuildPhase;
			buildActionMask = 2147483647;
			files = (
				865076C51941A68600D9270D /* InfoPlist.strings in Resources */,
			);
			runOnlyForDeploymentPostprocessing = 0;
		};
/* End PBXResourcesBuildPhase section */

/* Begin PBXSourcesBuildPhase section */
		8650769A1941A68600D9270D /* Sources */ = {
			isa = PBXSourcesBuildPhase;
			buildActionMask = 2147483647;
			files = (
				865076D61941AC3900D9270D /* Bar.m in Sources */,
				865076DE1941B2BE00D9270D /* Bars.m in Sources */,
				865076B21941A68600D9270D /* BaresAppDelegate.m in Sources */,
				865076AE1941A68600D9270D /* main.m in Sources */,
			);
			runOnlyForDeploymentPostprocessing = 0;
		};
		865076B51941A68600D9270D /* Sources */ = {
			isa = PBXSourcesBuildPhase;
			buildActionMask = 2147483647;
			files = (
				865076DB1941AF3800D9270D /* BarTests.m in Sources */,
			);
			runOnlyForDeploymentPostprocessing = 0;
		};
/* End PBXSourcesBuildPhase section */

/* Begin PBXTargetDependency section */
		865076BF1941A68600D9270D /* PBXTargetDependency */ = {
			isa = PBXTargetDependency;
			target = 8650769D1941A68600D9270D /* Bares */;
			targetProxy = 865076BE1941A68600D9270D /* PBXContainerItemProxy */;
		};
/* End PBXTargetDependency section */

/* Begin PBXVariantGroup section */
		865076AA1941A68600D9270D /* InfoPlist.strings */ = {
			isa = PBXVariantGroup;
			children = (
				865076AB1941A68600D9270D /* en */,
			);
			name = InfoPlist.strings;
			sourceTree = "<group>";
		};
		865076C31941A68600D9270D /* InfoPlist.strings */ = {
			isa = PBXVariantGroup;
			children = (
				865076C41941A68600D9270D /* en */,
			);
			name = InfoPlist.strings;
			sourceTree = "<group>";
		};
/* End PBXVariantGroup section */

/* Begin XCBuildConfiguration section */
		865076C81941A68600D9270D /* Debug */ = {
			isa = XCBuildConfiguration;
			buildSettings = {
				ALWAYS_SEARCH_USER_PATHS = NO;
				CLANG_CXX_LANGUAGE_STANDARD = "gnu++0x";
				CLANG_CXX_LIBRARY = "libc++";
				CLANG_ENABLE_MODULES = YES;
				CLANG_ENABLE_OBJC_ARC = YES;
				CLANG_WARN_BOOL_CONVERSION = YES;
				CLANG_WARN_CONSTANT_CONVERSION = YES;
				CLANG_WARN_DIRECT_OBJC_ISA_USAGE = YES_ERROR;
				CLANG_WARN_EMPTY_BODY = YES;
				CLANG_WARN_ENUM_CONVERSION = YES;
				CLANG_WARN_INT_CONVERSION = YES;
				CLANG_WARN_OBJC_ROOT_CLASS = YES_ERROR;
				CLANG_WARN__DUPLICATE_METHOD_MATCH = YES;
				"CODE_SIGN_IDENTITY[sdk=iphoneos*]" = "iPhone Developer";
				COPY_PHASE_STRIP = NO;
				GCC_C_LANGUAGE_STANDARD = gnu99;
				GCC_DYNAMIC_NO_PIC = NO;
				GCC_OPTIMIZATION_LEVEL = 0;
				GCC_PREPROCESSOR_DEFINITIONS = (
					"DEBUG=1",
					"$(inherited)",
				);
				GCC_SYMBOLS_PRIVATE_EXTERN = NO;
				GCC_WARN_64_TO_32_BIT_CONVERSION = YES;
				GCC_WARN_ABOUT_RETURN_TYPE = YES_ERROR;
				GCC_WARN_UNDECLARED_SELECTOR = YES;
				GCC_WARN_UNINITIALIZED_AUTOS = YES_AGGRESSIVE;
				GCC_WARN_UNUSED_FUNCTION = YES;
				GCC_WARN_UNUSED_VARIABLE = YES;
				IPHONEOS_DEPLOYMENT_TARGET = 7.1;
				ONLY_ACTIVE_ARCH = YES;
				SDKROOT = iphoneos;
			};
			name = Debug;
		};
		865076C91941A68600D9270D /* Release */ = {
			isa = XCBuildConfiguration;
			buildSettings = {
				ALWAYS_SEARCH_USER_PATHS = NO;
				CLANG_CXX_LANGUAGE_STANDARD = "gnu++0x";
				CLANG_CXX_LIBRARY = "libc++";
				CLANG_ENABLE_MODULES = YES;
				CLANG_ENABLE_OBJC_ARC = YES;
				CLANG_WARN_BOOL_CONVERSION = YES;
				CLANG_WARN_CONSTANT_CONVERSION = YES;
				CLANG_WARN_DIRECT_OBJC_ISA_USAGE = YES_ERROR;
				CLANG_WARN_EMPTY_BODY = YES;
				CLANG_WARN_ENUM_CONVERSION = YES;
				CLANG_WARN_INT_CONVERSION = YES;
				CLANG_WARN_OBJC_ROOT_CLASS = YES_ERROR;
				CLANG_WARN__DUPLICATE_METHOD_MATCH = YES;
				"CODE_SIGN_IDENTITY[sdk=iphoneos*]" = "iPhone Developer";
				COPY_PHASE_STRIP = YES;
				ENABLE_NS_ASSERTIONS = NO;
				GCC_C_LANGUAGE_STANDARD = gnu99;
				GCC_WARN_64_TO_32_BIT_CONVERSION = YES;
				GCC_WARN_ABOUT_RETURN_TYPE = YES_ERROR;
				GCC_WARN_UNDECLARED_SELECTOR = YES;
				GCC_WARN_UNINITIALIZED_AUTOS = YES_AGGRESSIVE;
				GCC_WARN_UNUSED_FUNCTION = YES;
				GCC_WARN_UNUSED_VARIABLE = YES;
				IPHONEOS_DEPLOYMENT_TARGET = 7.1;
				SDKROOT = iphoneos;
				VALIDATE_PRODUCT = YES;
			};
			name = Release;
		};
		865076CB1941A68600D9270D /* Debug */ = {
			isa = XCBuildConfiguration;
			buildSettings = {
				ASSETCATALOG_COMPILER_APPICON_NAME = AppIcon;
				ASSETCATALOG_COMPILER_LAUNCHIMAGE_NAME = LaunchImage;
				GCC_PRECOMPILE_PREFIX_HEADER = YES;
				GCC_PREFIX_HEADER = "Bares/Supporting Files/Bares-Prefix.pch";
				INFOPLIST_FILE = "Bares/Supporting Files/Bares-Info.plist";
				PRODUCT_NAME = "$(TARGET_NAME)";
				WRAPPER_EXTENSION = app;
			};
			name = Debug;
		};
		865076CC1941A68600D9270D /* Release */ = {
			isa = XCBuildConfiguration;
			buildSettings = {
				ASSETCATALOG_COMPILER_APPICON_NAME = AppIcon;
				ASSETCATALOG_COMPILER_LAUNCHIMAGE_NAME = LaunchImage;
				GCC_PRECOMPILE_PREFIX_HEADER = YES;
				GCC_PREFIX_HEADER = "Bares/Supporting Files/Bares-Prefix.pch";
				INFOPLIST_FILE = "Bares/Supporting Files/Bares-Info.plist";
				PRODUCT_NAME = "$(TARGET_NAME)";
				WRAPPER_EXTENSION = app;
			};
			name = Release;
		};
		865076CE1941A68600D9270D /* Debug */ = {
			isa = XCBuildConfiguration;
			buildSettings = {
				BUNDLE_LOADER = "$(BUILT_PRODUCTS_DIR)/Bares.app/Bares";
				FRAMEWORK_SEARCH_PATHS = (
					"$(SDKROOT)/Developer/Library/Frameworks",
					"$(inherited)",
					"$(DEVELOPER_FRAMEWORKS_DIR)",
				);
				GCC_PRECOMPILE_PREFIX_HEADER = YES;
				GCC_PREFIX_HEADER = "Bares/Supporting Files/Bares-Prefix.pch";
				GCC_PREPROCESSOR_DEFINITIONS = (
					"DEBUG=1",
					"$(inherited)",
				);
				INFOPLIST_FILE = "BaresTests/Supporting Files/BaresTests-Info.plist";
				PRODUCT_NAME = "$(TARGET_NAME)";
				TEST_HOST = "$(BUNDLE_LOADER)";
				WRAPPER_EXTENSION = xctest;
			};
			name = Debug;
		};
		865076CF1941A68600D9270D /* Release */ = {
			isa = XCBuildConfiguration;
			buildSettings = {
				BUNDLE_LOADER = "$(BUILT_PRODUCTS_DIR)/Bares.app/Bares";
				FRAMEWORK_SEARCH_PATHS = (
					"$(SDKROOT)/Developer/Library/Frameworks",
					"$(inherited)",
					"$(DEVELOPER_FRAMEWORKS_DIR)",
				);
				GCC_PRECOMPILE_PREFIX_HEADER = YES;
				GCC_PREFIX_HEADER = "Bares/Supporting Files/Bares-Prefix.pch";
				INFOPLIST_FILE = "BaresTests/Supporting Files/BaresTests-Info.plist";
				PRODUCT_NAME = "$(TARGET_NAME)";
				TEST_HOST = "$(BUNDLE_LOADER)";
				WRAPPER_EXTENSION = xctest;
			};
			name = Release;
		};
/* End XCBuildConfiguration section */

/* Begin XCConfigurationList section */
		865076991941A68600D9270D /* Build configuration list for PBXProject "Bares" */ = {
			isa = XCConfigurationList;
			buildConfigurations = (
				865076C81941A68600D9270D /* Debug */,
				865076C91941A68600D9270D /* Release */,
			);
			defaultConfigurationIsVisible = 0;
			defaultConfigurationName = Release;
		};
		865076CA1941A68600D9270D /* Build configuration list for PBXNativeTarget "Bares" */ = {
			isa = XCConfigurationList;
			buildConfigurations = (
				865076CB1941A68600D9270D /* Debug */,
				865076CC1941A68600D9270D /* Release */,
			);
			defaultConfigurationIsVisible = 0;
			defaultConfigurationName = Release;
		};
		865076CD1941A68600D9270D /* Build configuration list for PBXNativeTarget "BaresTests" */ = {
			isa = XCConfigurationList;
			buildConfigurations = (
				865076CE1941A68600D9270D /* Debug */,
				865076CF1941A68600D9270D /* Release */,
			);
			defaultConfigurationIsVisible = 0;
			defaultConfigurationName = Release;
		};
/* End XCConfigurationList section */
	};
	rootObject = 865076961941A68600D9270D /* Project object */;
}
